lockfileVersion: '9.0'

settings:
  autoInstallPeers: true
  excludeLinksFromLockfile: false

importers:

  .:
    dependencies:
      '@prisma/client':
        specifier: 5.7.1
        version: 5.7.1(prisma@5.7.1)
      find-free-ports:
        specifier: 3.1.1
        version: 3.1.1
      lodash-es:
        specifier: 4.17.21
        version: 4.17.21
      node-ssh-forward:
        specifier: 0.7.2
        version: 0.7.2
      superjson:
        specifier: 1.12.4
        version: 1.12.4
      zod:
        specifier: 3.23.8
        version: 3.23.8
    devDependencies:
      '@types/lodash-es':
        specifier: 4.17.12
        version: 4.17.12
      '@types/node':
        specifier: 24.0.10
        version: 24.0.10
      prisma:
        specifier: 5.7.1
        version: 5.7.1
      typescript:
        specifier: 5.8.2
        version: 5.8.2

packages:

  '@prisma/client@5.7.1':
    resolution: {integrity: sha512-TUSa4nUcC4nf/e7X3jyO1pEd6XcI/TLRCA0KjkA46RDIpxUaRsBYEOqITwXRW2c0bMFyKcCRXrH4f7h4q9oOlg==}
    engines: {node: '>=16.13'}
    peerDependencies:
      prisma: '*'
    peerDependenciesMeta:
      prisma:
        optional: true

  '@prisma/debug@5.7.1':
    resolution: {integrity: sha512-yrVSO/YZOxdeIxcBtZ5BaNqUfPrZkNsAKQIQg36cJKMxj/VYK3Vk5jMKkI+gQLl0KReo1YvX8GWKfV788SELjw==}

  '@prisma/engines-version@5.7.1-1.0ca5ccbcfa6bdc81c003cf549abe4269f59c41e5':
    resolution: {integrity: sha512-dIR5IQK/ZxEoWRBDOHF87r1Jy+m2ih3Joi4vzJRP+FOj5yxCwS2pS5SBR3TWoVnEK1zxtLI/3N7BjHyGF84fgw==}

  '@prisma/engines@5.7.1':
    resolution: {integrity: sha512-R+Pqbra8tpLP2cvyiUpx+SIKglav3nTCpA+rn6826CThviQ8yvbNG0s8jNpo51vS9FuZO3pOkARqG062vKX7uA==}

  '@prisma/fetch-engine@5.7.1':
    resolution: {integrity: sha512-9ELauIEBkIaEUpMIYPRlh5QELfoC6pyHolHVQgbNxglaINikZ9w9X7r1TIePAcm05pCNp2XPY1ObQIJW5nYfBQ==}

  '@prisma/get-platform@5.7.1':
    resolution: {integrity: sha512-eDlswr3a1m5z9D/55Iyt/nZqS5UpD+DZ9MooBB3hvrcPhDQrcf9m4Tl7buy4mvAtrubQ626ECtb8c6L/f7rGSQ==}

  '@types/lodash-es@4.17.12':
    resolution: {integrity: sha512-0NgftHUcV4v34VhXm8QBSftKVXtbkBG3ViCjs6+eJ5a6y6Mi/jiFGPc1sC7QK+9BFhWrURE3EOggmWaSxL9OzQ==}

  '@types/lodash@4.17.20':
    resolution: {integrity: sha512-H3MHACvFUEiujabxhaI/ImO6gUrd8oOurg7LQtS7mbwIXA/cUqWrvBsaeJ23aZEPk1TAYkurjfMbSELfoCXlGA==}

  '@types/node@24.0.10':
    resolution: {integrity: sha512-ENHwaH+JIRTDIEEbDK6QSQntAYGtbvdDXnMXnZaZ6k13Du1dPMmprkEHIL7ok2Wl2aZevetwTAb5S+7yIF+enA==}

  asn1@0.2.6:
    resolution: {integrity: sha512-ix/FxPn0MDjeyJ7i/yoHGFt/EX6LyNbxSEhPPXODPL+KB0VPk86UYfL0lMdy+KCnv+fmvIzySwaK5COwqVbWTQ==}

  bcrypt-pbkdf@1.0.2:
    resolution: {integrity: sha512-qeFIXtP4MSoi6NLqO12WfqARWWuCKi2Rn/9hJLEmtB5yTNr9DqFWkJRCf2qShWzPeAMRnOgCrq0sg/KLv5ES9w==}

  copy-anything@3.0.5:
    resolution: {integrity: sha512-yCEafptTtb4bk7GLEQoM8KVJpxAfdBJYaXyzQEgQQQgYrZiDp8SJmGKlYza6CYjEDNstAdNdKA3UuoULlEbS6w==}
    engines: {node: '>=12.13'}

  debug@4.4.1:
    resolution: {integrity: sha512-KcKCqiftBJcZr++7ykoDIEwSa3XWowTfNPo92BYxjXiyYEVrUQh2aLyhxBCwww+heortUFxEJYcRzosstTEBYQ==}
    engines: {node: '>=6.0'}
    peerDependencies:
      supports-color: '*'
    peerDependenciesMeta:
      supports-color:
        optional: true

  find-free-ports@3.1.1:
    resolution: {integrity: sha512-hQebewth9i5qkf0a0u06iFaxQssk5ZnPBBggsa1vk8zCYaZoz9IZXpoRLTbEOrYdqfrjvcxU00gYoCPgmXugKA==}

  is-what@4.1.16:
    resolution: {integrity: sha512-ZhMwEosbFJkA0YhFnNDgTM4ZxDRsS6HqTo7qsZM08fehyRYIYa0yHu5R6mgo1n/8MgaPBXiPimPD77baVFYg+A==}
    engines: {node: '>=12.13'}

  lodash-es@4.17.21:
    resolution: {integrity: sha512-mKnC+QJ9pWVzv+C4/U3rRsHapFfHvQFoFB92e52xeyGMcX6/OlIl78je1u8vePzYZSkkogMPJ2yjxxsb89cxyw==}

  ms@2.1.3:
    resolution: {integrity: sha512-6FlzubTLZG3J2a/NVCAleEhjzq5oxgHyaCU9yYXvcLsvoVaHJq/s5xXI6/XXP6tz7R9xAOtHnSO/tXtF3WRTlA==}

  node-ssh-forward@0.7.2:
    resolution: {integrity: sha512-dQGhwT9emJJ0PymZGXdwHue18oc+bnAeqSGUCi4+YufGLaTSfA4Ft04T97WGkVxmBUySy/O6lvKIfpJM0a8lgA==}

  prisma@5.7.1:
    resolution: {integrity: sha512-ekho7ziH0WEJvC4AxuJz+ewRTMskrebPcrKuBwcNzVDniYxx+dXOGcorNeIb9VEMO5vrKzwNYvhD271Ui2jnNw==}
    engines: {node: '>=16.13'}
    hasBin: true

  safer-buffer@2.1.2:
    resolution: {integrity: sha512-YZo3K82SD7Riyi0E1EQPojLz7kpepnSQI9IyPbHHg1XXXevb5dJI7tpyN2ADxGcQbHG7vcyRHk0cbwqcQriUtg==}

  ssh2-streams@0.4.10:
    resolution: {integrity: sha512-8pnlMjvnIZJvmTzUIIA5nT4jr2ZWNNVHwyXfMGdRJbug9TpI3kd99ffglgfSWqujVv/0gxwMsDn9j9RVst8yhQ==}
    engines: {node: '>=5.2.0'}

  ssh2@0.8.9:
    resolution: {integrity: sha512-GmoNPxWDMkVpMFa9LVVzQZHF6EW3WKmBwL+4/GeILf2hFmix5Isxm7Amamo8o7bHiU0tC+wXsGcUXOxp8ChPaw==}
    engines: {node: '>=5.2.0'}

  streamsearch@0.1.2:
    resolution: {integrity: sha512-jos8u++JKm0ARcSUTAZXOVC0mSox7Bhn6sBgty73P1f3JGf7yG2clTbBNHUdde/kdvP2FESam+vM6l8jBrNxHA==}
    engines: {node: '>=0.8.0'}

  superjson@1.12.4:
    resolution: {integrity: sha512-vkpPQAxdCg9SLfPv5GPC5fnGrui/WryktoN9O5+Zif/14QIMjw+RITf/5LbBh+9QpBFb3KNvJth+puz2H8o6GQ==}
    engines: {node: '>=10'}

  tweetnacl@0.14.5:
    resolution: {integrity: sha512-KXXFFdAbFXY4geFIwoyNK+f5Z1b7swfXABfL7HXCmoIWMKU3dmS26672A4EeQtDzLKy7SXmfBu51JolvEKwtGA==}

  typescript@5.8.2:
    resolution: {integrity: sha512-aJn6wq13/afZp/jT9QZmwEjDqqvSGp1VT5GVg+f/t6/oVyrgXM6BY1h9BRh/O5p3PlUPAe+WuiEZOmb/49RqoQ==}
    engines: {node: '>=14.17'}
    hasBin: true

  undici-types@7.8.0:
    resolution: {integrity: sha512-9UJ2xGDvQ43tYyVMpuHlsgApydB8ZKfVYTsLDhXkFL/6gfkp+U8xTGdh8pMJv1SpZna0zxG1DwsKZsreLbXBxw==}

  zod@3.23.8:
    resolution: {integrity: sha512-XBx9AXhXktjUqnepgTiE5flcKIYWi/rme0Eaj+5Y0lftuGBq+jyRu/md4WnuxqgP1ubdpNCsYEYPxrzVHD8d6g==}

snapshots:

  '@prisma/client@5.7.1(prisma@5.7.1)':
    optionalDependencies:
      prisma: 5.7.1

  '@prisma/debug@5.7.1': {}

  '@prisma/engines-version@5.7.1-1.0ca5ccbcfa6bdc81c003cf549abe4269f59c41e5': {}

  '@prisma/engines@5.7.1':
    dependencies:
      '@prisma/debug': 5.7.1
      '@prisma/engines-version': 5.7.1-1.0ca5ccbcfa6bdc81c003cf549abe4269f59c41e5
      '@prisma/fetch-engine': 5.7.1
      '@prisma/get-platform': 5.7.1

  '@prisma/fetch-engine@5.7.1':
    dependencies:
      '@prisma/debug': 5.7.1
      '@prisma/engines-version': 5.7.1-1.0ca5ccbcfa6bdc81c003cf549abe4269f59c41e5
      '@prisma/get-platform': 5.7.1

  '@prisma/get-platform@5.7.1':
    dependencies:
      '@prisma/debug': 5.7.1

  '@types/lodash-es@4.17.12':
    dependencies:
      '@types/lodash': 4.17.20

  '@types/lodash@4.17.20': {}

  '@types/node@24.0.10':
    dependencies:
      undici-types: 7.8.0

  asn1@0.2.6:
    dependencies:
      safer-buffer: 2.1.2

  bcrypt-pbkdf@1.0.2:
    dependencies:
      tweetnacl: 0.14.5

  copy-anything@3.0.5:
    dependencies:
      is-what: 4.1.16

  debug@4.4.1:
    dependencies:
      ms: 2.1.3

  find-free-ports@3.1.1: {}

  is-what@4.1.16: {}

  lodash-es@4.17.21: {}

  ms@2.1.3: {}

  node-ssh-forward@0.7.2:
    dependencies:
      debug: 4.4.1
      ssh2: 0.8.9
    transitivePeerDependencies:
      - supports-color

  prisma@5.7.1:
    dependencies:
      '@prisma/engines': 5.7.1

  safer-buffer@2.1.2: {}

  ssh2-streams@0.4.10:
    dependencies:
      asn1: 0.2.6
      bcrypt-pbkdf: 1.0.2
      streamsearch: 0.1.2

  ssh2@0.8.9:
    dependencies:
      ssh2-streams: 0.4.10

  streamsearch@0.1.2: {}

  superjson@1.12.4:
    dependencies:
      copy-anything: 3.0.5

  tweetnacl@0.14.5: {}

  typescript@5.8.2: {}

  undici-types@7.8.0: {}

  zod@3.23.8: {}
