lockfileVersion: '9.0'

settings:
  autoInstallPeers: true
  excludeLinksFromLockfile: false

importers:

  .:
    dependencies:
      '@prisma/client':
        specifier: 6.9.0
        version: 6.9.0(prisma@6.9.0(typescript@5.8.3))(typescript@5.8.3)
      find-free-ports:
        specifier: 3.1.1
        version: 3.1.1
      lodash-es:
        specifier: 4.17.21
        version: 4.17.21
      node-ssh-forward:
        specifier: 0.7.2
        version: 0.7.2
      prisma:
        specifier: 6.9.0
        version: 6.9.0(typescript@5.8.3)
      superjson:
        specifier: 1.12.4
        version: 1.12.4
      zod:
        specifier: 3.23.8
        version: 3.23.8
    devDependencies:
      '@types/lodash-es':
        specifier: 4.17.12
        version: 4.17.12
      '@types/node':
        specifier: 24.0.10
        version: 24.0.10
      typescript:
        specifier: 5.8.3
        version: 5.8.3

packages:

  '@prisma/client@6.9.0':
    resolution: {integrity: sha512-Gg7j1hwy3SgF1KHrh0PZsYvAaykeR0PaxusnLXydehS96voYCGt1U5zVR31NIouYc63hWzidcrir1a7AIyCsNQ==}
    engines: {node: '>=18.18'}
    peerDependencies:
      prisma: '*'
      typescript: '>=5.1.0'
    peerDependenciesMeta:
      prisma:
        optional: true
      typescript:
        optional: true

  '@prisma/config@6.9.0':
    resolution: {integrity: sha512-Wcfk8/lN3WRJd5w4jmNQkUwhUw0eksaU/+BlAJwPQKW10k0h0LC9PD/6TQFmqKVbHQL0vG2z266r0S1MPzzhbA==}

  '@prisma/debug@6.9.0':
    resolution: {integrity: sha512-bFeur/qi/Q+Mqk4JdQ3R38upSYPebv5aOyD1RKywVD+rAMLtRkmTFn28ZuTtVOnZHEdtxnNOCH+bPIeSGz1+Fg==}

  '@prisma/engines-version@6.9.0-10.81e4af48011447c3cc503a190e86995b66d2a28e':
    resolution: {integrity: sha512-Qp9gMoBHgqhKlrvumZWujmuD7q4DV/gooEyPCLtbkc13EZdSz2RsGUJ5mHb3RJgAbk+dm6XenqG7obJEhXcJ6Q==}

  '@prisma/engines@6.9.0':
    resolution: {integrity: sha512-im0X0bwDLA0244CDf8fuvnLuCQcBBdAGgr+ByvGfQY9wWl6EA+kRGwVk8ZIpG65rnlOwtaWIr/ZcEU5pNVvq9g==}

  '@prisma/fetch-engine@6.9.0':
    resolution: {integrity: sha512-PMKhJdl4fOdeE3J3NkcWZ+tf3W6rx3ht/rLU8w4SXFRcLhd5+3VcqY4Kslpdm8osca4ej3gTfB3+cSk5pGxgFg==}

  '@prisma/get-platform@6.9.0':
    resolution: {integrity: sha512-/B4n+5V1LI/1JQcHp+sUpyRT1bBgZVPHbsC4lt4/19Xp4jvNIVcq5KYNtQDk5e/ukTSjo9PZVAxxy9ieFtlpTQ==}

  '@types/lodash-es@4.17.12':
    resolution: {integrity: sha512-0NgftHUcV4v34VhXm8QBSftKVXtbkBG3ViCjs6+eJ5a6y6Mi/jiFGPc1sC7QK+9BFhWrURE3EOggmWaSxL9OzQ==}

  '@types/lodash@4.17.20':
    resolution: {integrity: sha512-H3MHACvFUEiujabxhaI/ImO6gUrd8oOurg7LQtS7mbwIXA/cUqWrvBsaeJ23aZEPk1TAYkurjfMbSELfoCXlGA==}

  '@types/node@24.0.10':
    resolution: {integrity: sha512-ENHwaH+JIRTDIEEbDK6QSQntAYGtbvdDXnMXnZaZ6k13Du1dPMmprkEHIL7ok2Wl2aZevetwTAb5S+7yIF+enA==}

  asn1@0.2.6:
    resolution: {integrity: sha512-ix/FxPn0MDjeyJ7i/yoHGFt/EX6LyNbxSEhPPXODPL+KB0VPk86UYfL0lMdy+KCnv+fmvIzySwaK5COwqVbWTQ==}

  bcrypt-pbkdf@1.0.2:
    resolution: {integrity: sha512-qeFIXtP4MSoi6NLqO12WfqARWWuCKi2Rn/9hJLEmtB5yTNr9DqFWkJRCf2qShWzPeAMRnOgCrq0sg/KLv5ES9w==}

  copy-anything@3.0.5:
    resolution: {integrity: sha512-yCEafptTtb4bk7GLEQoM8KVJpxAfdBJYaXyzQEgQQQgYrZiDp8SJmGKlYza6CYjEDNstAdNdKA3UuoULlEbS6w==}
    engines: {node: '>=12.13'}

  debug@4.4.1:
    resolution: {integrity: sha512-KcKCqiftBJcZr++7ykoDIEwSa3XWowTfNPo92BYxjXiyYEVrUQh2aLyhxBCwww+heortUFxEJYcRzosstTEBYQ==}
    engines: {node: '>=6.0'}
    peerDependencies:
      supports-color: '*'
    peerDependenciesMeta:
      supports-color:
        optional: true

  find-free-ports@3.1.1:
    resolution: {integrity: sha512-hQebewth9i5qkf0a0u06iFaxQssk5ZnPBBggsa1vk8zCYaZoz9IZXpoRLTbEOrYdqfrjvcxU00gYoCPgmXugKA==}

  is-what@4.1.16:
    resolution: {integrity: sha512-ZhMwEosbFJkA0YhFnNDgTM4ZxDRsS6HqTo7qsZM08fehyRYIYa0yHu5R6mgo1n/8MgaPBXiPimPD77baVFYg+A==}
    engines: {node: '>=12.13'}

  jiti@2.4.2:
    resolution: {integrity: sha512-rg9zJN+G4n2nfJl5MW3BMygZX56zKPNVEYYqq7adpmMh4Jn2QNEwhvQlFy6jPVdcod7txZtKHWnyZiA3a0zP7A==}
    hasBin: true

  lodash-es@4.17.21:
    resolution: {integrity: sha512-mKnC+QJ9pWVzv+C4/U3rRsHapFfHvQFoFB92e52xeyGMcX6/OlIl78je1u8vePzYZSkkogMPJ2yjxxsb89cxyw==}

  ms@2.1.3:
    resolution: {integrity: sha512-6FlzubTLZG3J2a/NVCAleEhjzq5oxgHyaCU9yYXvcLsvoVaHJq/s5xXI6/XXP6tz7R9xAOtHnSO/tXtF3WRTlA==}

  node-ssh-forward@0.7.2:
    resolution: {integrity: sha512-dQGhwT9emJJ0PymZGXdwHue18oc+bnAeqSGUCi4+YufGLaTSfA4Ft04T97WGkVxmBUySy/O6lvKIfpJM0a8lgA==}

  prisma@6.9.0:
    resolution: {integrity: sha512-resJAwMyZREC/I40LF6FZ6rZTnlrlrYrb63oW37Gq+U+9xHwbyMSPJjKtM7VZf3gTO86t/Oyz+YeSXr3CmAY1Q==}
    engines: {node: '>=18.18'}
    hasBin: true
    peerDependencies:
      typescript: '>=5.1.0'
    peerDependenciesMeta:
      typescript:
        optional: true

  safer-buffer@2.1.2:
    resolution: {integrity: sha512-YZo3K82SD7Riyi0E1EQPojLz7kpepnSQI9IyPbHHg1XXXevb5dJI7tpyN2ADxGcQbHG7vcyRHk0cbwqcQriUtg==}

  ssh2-streams@0.4.10:
    resolution: {integrity: sha512-8pnlMjvnIZJvmTzUIIA5nT4jr2ZWNNVHwyXfMGdRJbug9TpI3kd99ffglgfSWqujVv/0gxwMsDn9j9RVst8yhQ==}
    engines: {node: '>=5.2.0'}

  ssh2@0.8.9:
    resolution: {integrity: sha512-GmoNPxWDMkVpMFa9LVVzQZHF6EW3WKmBwL+4/GeILf2hFmix5Isxm7Amamo8o7bHiU0tC+wXsGcUXOxp8ChPaw==}
    engines: {node: '>=5.2.0'}

  streamsearch@0.1.2:
    resolution: {integrity: sha512-jos8u++JKm0ARcSUTAZXOVC0mSox7Bhn6sBgty73P1f3JGf7yG2clTbBNHUdde/kdvP2FESam+vM6l8jBrNxHA==}
    engines: {node: '>=0.8.0'}

  superjson@1.12.4:
    resolution: {integrity: sha512-vkpPQAxdCg9SLfPv5GPC5fnGrui/WryktoN9O5+Zif/14QIMjw+RITf/5LbBh+9QpBFb3KNvJth+puz2H8o6GQ==}
    engines: {node: '>=10'}

  tweetnacl@0.14.5:
    resolution: {integrity: sha512-KXXFFdAbFXY4geFIwoyNK+f5Z1b7swfXABfL7HXCmoIWMKU3dmS26672A4EeQtDzLKy7SXmfBu51JolvEKwtGA==}

  typescript@5.8.3:
    resolution: {integrity: sha512-p1diW6TqL9L07nNxvRMM7hMMw4c5XOo/1ibL4aAIGmSAt9slTE1Xgw5KWuof2uTOvCg9BY7ZRi+GaF+7sfgPeQ==}
    engines: {node: '>=14.17'}
    hasBin: true

  undici-types@7.8.0:
    resolution: {integrity: sha512-9UJ2xGDvQ43tYyVMpuHlsgApydB8ZKfVYTsLDhXkFL/6gfkp+U8xTGdh8pMJv1SpZna0zxG1DwsKZsreLbXBxw==}

  zod@3.23.8:
    resolution: {integrity: sha512-XBx9AXhXktjUqnepgTiE5flcKIYWi/rme0Eaj+5Y0lftuGBq+jyRu/md4WnuxqgP1ubdpNCsYEYPxrzVHD8d6g==}

snapshots:

  '@prisma/client@6.9.0(prisma@6.9.0(typescript@5.8.3))(typescript@5.8.3)':
    optionalDependencies:
      prisma: 6.9.0(typescript@5.8.3)
      typescript: 5.8.3

  '@prisma/config@6.9.0':
    dependencies:
      jiti: 2.4.2

  '@prisma/debug@6.9.0': {}

  '@prisma/engines-version@6.9.0-10.81e4af48011447c3cc503a190e86995b66d2a28e': {}

  '@prisma/engines@6.9.0':
    dependencies:
      '@prisma/debug': 6.9.0
      '@prisma/engines-version': 6.9.0-10.81e4af48011447c3cc503a190e86995b66d2a28e
      '@prisma/fetch-engine': 6.9.0
      '@prisma/get-platform': 6.9.0

  '@prisma/fetch-engine@6.9.0':
    dependencies:
      '@prisma/debug': 6.9.0
      '@prisma/engines-version': 6.9.0-10.81e4af48011447c3cc503a190e86995b66d2a28e
      '@prisma/get-platform': 6.9.0

  '@prisma/get-platform@6.9.0':
    dependencies:
      '@prisma/debug': 6.9.0

  '@types/lodash-es@4.17.12':
    dependencies:
      '@types/lodash': 4.17.20

  '@types/lodash@4.17.20': {}

  '@types/node@24.0.10':
    dependencies:
      undici-types: 7.8.0

  asn1@0.2.6:
    dependencies:
      safer-buffer: 2.1.2

  bcrypt-pbkdf@1.0.2:
    dependencies:
      tweetnacl: 0.14.5

  copy-anything@3.0.5:
    dependencies:
      is-what: 4.1.16

  debug@4.4.1:
    dependencies:
      ms: 2.1.3

  find-free-ports@3.1.1: {}

  is-what@4.1.16: {}

  jiti@2.4.2: {}

  lodash-es@4.17.21: {}

  ms@2.1.3: {}

  node-ssh-forward@0.7.2:
    dependencies:
      debug: 4.4.1
      ssh2: 0.8.9
    transitivePeerDependencies:
      - supports-color

  prisma@6.9.0(typescript@5.8.3):
    dependencies:
      '@prisma/config': 6.9.0
      '@prisma/engines': 6.9.0
    optionalDependencies:
      typescript: 5.8.3

  safer-buffer@2.1.2: {}

  ssh2-streams@0.4.10:
    dependencies:
      asn1: 0.2.6
      bcrypt-pbkdf: 1.0.2
      streamsearch: 0.1.2

  ssh2@0.8.9:
    dependencies:
      ssh2-streams: 0.4.10

  streamsearch@0.1.2: {}

  superjson@1.12.4:
    dependencies:
      copy-anything: 3.0.5

  tweetnacl@0.14.5: {}

  typescript@5.8.3: {}

  undici-types@7.8.0: {}

  zod@3.23.8: {}
